
Microsoft Visual Studio Solution File, Format Version 12.00
# Visual Studio Version 16
VisualStudioVersion = 16.0.31402.337
MinimumVisualStudioVersion = 10.0.40219.1
Project("{9A19103F-16F7-4668-BE54-9A1E7A4F7556}") = "ZirveFerhatPastahane", "ZirveFerhatPastahane.csproj", "{B22C3C56-813D-4F57-9352-50801FE371C8}"
EndProject
Global
	GlobalSection(SolutionConfigurationPlatforms) = preSolution
		Debug|Any CPU = Debug|Any CPU
		Debug|x86 = Debug|x86
		Release|Any CPU = Release|Any CPU
		Release|x86 = Release|x86
	EndGlobalSection
	GlobalSection(ProjectConfigurationPlatforms) = postSolution
		{B22C3C56-813D-4F57-9352-50801FE371C8}.Debug|Any CPU.ActiveCfg = Debug|Any CPU
		{B22C3C56-813D-4F57-9352-50801FE371C8}.Debug|Any CPU.Build.0 = Debug|Any CPU
		{B22C3C56-813D-4F57-9352-50801FE371C8}.Debug|x86.ActiveCfg = Debug|x86
		{B22C3C56-813D-4F57-9352-50801FE371C8}.Debug|x86.Build.0 = Debug|x86
		{B22C3C56-813D-4F57-9352-50801FE371C8}.Release|Any CPU.ActiveCfg = Release|Any CPU
		{B22C3C56-813D-4F57-9352-50801FE371C8}.Release|Any CPU.Build.0 = Release|Any CPU
		{B22C3C56-813D-4F57-9352-50801FE371C8}.Release|x86.ActiveCfg = Release|x86
		{B22C3C56-813D-4F57-9352-50801FE371C8}.Release|x86.Build.0 = Release|x86
	EndGlobalSection
	GlobalSection(SolutionProperties) = preSolution
		HideSolutionNode = FALSE
	EndGlobalSection
	GlobalSection(ExtensibilityGlobals) = postSolution
		SolutionGuid = {19E33743-A548-42B2-BC0C-38D809E15B31}
	EndGlobalSection
EndGlobal
